
Microsoft Visual Studio Solution File, Format Version 12.00
# Visual Studio 15
Project("{FAE04EC0-301F-11D3-BF4B-00C04F79EFBC}") = "Assembly-CSharp", "Assembly-CSharp.csproj", "{C97F0F72-B5FB-AD1A-1698-171014243F50}"
EndProject
Global
	GlobalSection(SolutionConfigurationPlatforms) = preSolution
		Debug|Any CPU = Debug|Any CPU
		Release|Any CPU = Release|Any CPU
	EndGlobalSection
	GlobalSection(ProjectConfigurationPlatforms) = postSolution
		{C97F0F72-B5FB-AD1A-1698-171014243F50}.Debug|Any CPU.ActiveCfg = Debug|Any CPU
		{C97F0F72-B5FB-AD1A-1698-171014243F50}.Debug|Any CPU.Build.0 = Debug|Any CPU
		{C97F0F72-B5FB-AD1A-1698-171014243F50}.Release|Any CPU.ActiveCfg = Release|Any CPU
		{C97F0F72-B5FB-AD1A-1698-171014243F50}.Release|Any CPU.Build.0 = Release|Any CPU
	EndGlobalSection
	GlobalSection(SolutionProperties) = preSolution
		HideSolutionNode = FALSE
	EndGlobalSection
EndGlobal
